<?xml version="1.0" encoding="UTF-8"?>
<Scheme
   version = "1.3">
   <BuildAction>
      <BuildActionEntries>
         <BuildActionEntry
            buildForRunning = "YES">
            <BuildableReference
               BuildableIdentifier = "primary"
               BlueprintIdentifier = "87B9DC562D84DF2D000B3CC9"
               BuildableName = "IOS101-Prework.app"
               BlueprintName = "IOS101-Prework"
               ReferencedContainer = "container:IOS101-Prework.xcodeproj">
            </BuildableReference>
         </BuildActionEntry>
      </BuildActionEntries>
   </BuildAction>
   <LaunchAction
      useCustomWorkingDirectory = "NO"
      buildConfiguration = "Debug"
      allowLocationSimulation = "YES">
      <BuildableProductRunnable>
         <BuildableReference
            BuildableIdentifier = "primary"
            BlueprintIdentifier = "87B9DC562D84DF2D000B3CC9"
            BuildableName = "IOS101-Prework.app"
            BlueprintName = "IOS101-Prework"
            ReferencedContainer = "container:IOS101-Prework.xcodeproj">
         </BuildableReference>
      </BuildableProductRunnable>
   </LaunchAction>
</Scheme>
